
Microsoft Visual Studio Solution File, Format Version 12.00
# Visual Studio Version 16
VisualStudioVersion = 16.0.34729.46
MinimumVisualStudioVersion = 10.0.40219.1
Project("{FAE04EC0-301F-11D3-BF4B-00C04F79EFBC}") = "HSMS Message Parser", "HSMS Message Parser.csproj", "{3F53344D-436A-4B00-85AE-87703E5C9D69}"
EndProject
Global
	GlobalSection(SolutionConfigurationPlatforms) = preSolution
		Debug|Any CPU = Debug|Any CPU
		Release|Any CPU = Release|Any CPU
	EndGlobalSection
	GlobalSection(ProjectConfigurationPlatforms) = postSolution
		{3F53344D-436A-4B00-85AE-87703E5C9D69}.Debug|Any CPU.ActiveCfg = Debug|Any CPU
		{3F53344D-436A-4B00-85AE-87703E5C9D69}.Debug|Any CPU.Build.0 = Debug|Any CPU
		{3F53344D-436A-4B00-85AE-87703E5C9D69}.Release|Any CPU.ActiveCfg = Release|Any CPU
		{3F53344D-436A-4B00-85AE-87703E5C9D69}.Release|Any CPU.Build.0 = Release|Any CPU
	EndGlobalSection
	GlobalSection(SolutionProperties) = preSolution
		HideSolutionNode = FALSE
	EndGlobalSection
	GlobalSection(ExtensibilityGlobals) = postSolution
		SolutionGuid = {580BB747-2CE4-47C1-ADD1-DF1D85EC45B5}
	EndGlobalSection
EndGlobal
