
Microsoft Visual Studio Solution File, Format Version 12.00
# Visual Studio Version 16
VisualStudioVersion = 16.0.34729.46
MinimumVisualStudioVersion = 10.0.40219.1
Project("{FAE04EC0-301F-11D3-BF4B-00C04F79EFBC}") = "00. Garbage Collection", "00. Garbage Collection.csproj", "{57C7061A-9083-427C-8BE6-6DA450CC19B5}"
EndProject
Project("{FAE04EC0-301F-11D3-BF4B-00C04F79EFBC}") = "KeepAlive", "KeepAlive\KeepAlive.csproj", "{43C88C87-009F-43A9-8D8A-32CB234F00C9}"
EndProject
Global
	GlobalSection(SolutionConfigurationPlatforms) = preSolution
		Debug|Any CPU = Debug|Any CPU
		Release|Any CPU = Release|Any CPU
	EndGlobalSection
	GlobalSection(ProjectConfigurationPlatforms) = postSolution
		{57C7061A-9083-427C-8BE6-6DA450CC19B5}.Debug|Any CPU.ActiveCfg = Debug|Any CPU
		{57C7061A-9083-427C-8BE6-6DA450CC19B5}.Debug|Any CPU.Build.0 = Debug|Any CPU
		{57C7061A-9083-427C-8BE6-6DA450CC19B5}.Release|Any CPU.ActiveCfg = Release|Any CPU
		{57C7061A-9083-427C-8BE6-6DA450CC19B5}.Release|Any CPU.Build.0 = Release|Any CPU
		{43C88C87-009F-43A9-8D8A-32CB234F00C9}.Debug|Any CPU.ActiveCfg = Debug|Any CPU
		{43C88C87-009F-43A9-8D8A-32CB234F00C9}.Debug|Any CPU.Build.0 = Debug|Any CPU
		{43C88C87-009F-43A9-8D8A-32CB234F00C9}.Release|Any CPU.ActiveCfg = Release|Any CPU
		{43C88C87-009F-43A9-8D8A-32CB234F00C9}.Release|Any CPU.Build.0 = Release|Any CPU
	EndGlobalSection
	GlobalSection(SolutionProperties) = preSolution
		HideSolutionNode = FALSE
	EndGlobalSection
	GlobalSection(ExtensibilityGlobals) = postSolution
		SolutionGuid = {48BAB0D3-3EE7-4686-9D28-13E4B139D793}
	EndGlobalSection
EndGlobal
