
Microsoft Visual Studio Solution File, Format Version 12.00
# Visual Studio Version 16
VisualStudioVersion = 16.0.34601.136
MinimumVisualStudioVersion = 10.0.40219.1
Project("{FAE04EC0-301F-11D3-BF4B-00C04F79EFBC}") = "soapServer", "soapServer\soapServer.csproj", "{647DBA37-9752-4EDB-973A-76CED035B8E2}"
EndProject
Project("{FAE04EC0-301F-11D3-BF4B-00C04F79EFBC}") = "soapClient", "soapClient\soapClient.csproj", "{9E2E9A8F-E1DE-4845-BD88-5C0B2EBA4213}"
	ProjectSection(ProjectDependencies) = postProject
		{647DBA37-9752-4EDB-973A-76CED035B8E2} = {647DBA37-9752-4EDB-973A-76CED035B8E2}
	EndProjectSection
EndProject
Global
	GlobalSection(SolutionConfigurationPlatforms) = preSolution
		Debug|Any CPU = Debug|Any CPU
		Release|Any CPU = Release|Any CPU
	EndGlobalSection
	GlobalSection(ProjectConfigurationPlatforms) = postSolution
		{647DBA37-9752-4EDB-973A-76CED035B8E2}.Debug|Any CPU.ActiveCfg = Debug|Any CPU
		{647DBA37-9752-4EDB-973A-76CED035B8E2}.Debug|Any CPU.Build.0 = Debug|Any CPU
		{647DBA37-9752-4EDB-973A-76CED035B8E2}.Release|Any CPU.ActiveCfg = Release|Any CPU
		{647DBA37-9752-4EDB-973A-76CED035B8E2}.Release|Any CPU.Build.0 = Release|Any CPU
		{9E2E9A8F-E1DE-4845-BD88-5C0B2EBA4213}.Debug|Any CPU.ActiveCfg = Debug|Any CPU
		{9E2E9A8F-E1DE-4845-BD88-5C0B2EBA4213}.Debug|Any CPU.Build.0 = Debug|Any CPU
		{9E2E9A8F-E1DE-4845-BD88-5C0B2EBA4213}.Release|Any CPU.ActiveCfg = Release|Any CPU
		{9E2E9A8F-E1DE-4845-BD88-5C0B2EBA4213}.Release|Any CPU.Build.0 = Release|Any CPU
	EndGlobalSection
	GlobalSection(SolutionProperties) = preSolution
		HideSolutionNode = FALSE
	EndGlobalSection
	GlobalSection(ExtensibilityGlobals) = postSolution
		SolutionGuid = {0DACA42A-6E0B-4D7E-82BE-A14ABF4A0D6B}
	EndGlobalSection
EndGlobal
