
Microsoft Visual Studio Solution File, Format Version 12.00
# Visual Studio Version 16
VisualStudioVersion = 16.0.34902.97
MinimumVisualStudioVersion = 10.0.40219.1
Project("{FAE04EC0-301F-11D3-BF4B-00C04F79EFBC}") = "Facade", "Facade.csproj", "{079A10B5-0E2C-47F5-BC7E-A0829696C676}"
EndProject
Global
	GlobalSection(SolutionConfigurationPlatforms) = preSolution
		Debug|Any CPU = Debug|Any CPU
		Release|Any CPU = Release|Any CPU
	EndGlobalSection
	GlobalSection(ProjectConfigurationPlatforms) = postSolution
		{079A10B5-0E2C-47F5-BC7E-A0829696C676}.Debug|Any CPU.ActiveCfg = Debug|Any CPU
		{079A10B5-0E2C-47F5-BC7E-A0829696C676}.Debug|Any CPU.Build.0 = Debug|Any CPU
		{079A10B5-0E2C-47F5-BC7E-A0829696C676}.Release|Any CPU.ActiveCfg = Release|Any CPU
		{079A10B5-0E2C-47F5-BC7E-A0829696C676}.Release|Any CPU.Build.0 = Release|Any CPU
	EndGlobalSection
	GlobalSection(SolutionProperties) = preSolution
		HideSolutionNode = FALSE
	EndGlobalSection
	GlobalSection(ExtensibilityGlobals) = postSolution
		SolutionGuid = {440782EF-A69E-4C26-8C95-6B27AEB57188}
	EndGlobalSection
EndGlobal
