
Microsoft Visual Studio Solution File, Format Version 12.00
# Visual Studio Version 16
VisualStudioVersion = 16.0.34902.97
MinimumVisualStudioVersion = 10.0.40219.1
Project("{FAE04EC0-301F-11D3-BF4B-00C04F79EFBC}") = "FactoryMethod", "FactoryMethod.csproj", "{F2609C32-F907-4FBC-AA32-13C1B46DC1CB}"
EndProject
Global
	GlobalSection(SolutionConfigurationPlatforms) = preSolution
		Debug|Any CPU = Debug|Any CPU
		Release|Any CPU = Release|Any CPU
	EndGlobalSection
	GlobalSection(ProjectConfigurationPlatforms) = postSolution
		{F2609C32-F907-4FBC-AA32-13C1B46DC1CB}.Debug|Any CPU.ActiveCfg = Debug|Any CPU
		{F2609C32-F907-4FBC-AA32-13C1B46DC1CB}.Debug|Any CPU.Build.0 = Debug|Any CPU
		{F2609C32-F907-4FBC-AA32-13C1B46DC1CB}.Release|Any CPU.ActiveCfg = Release|Any CPU
		{F2609C32-F907-4FBC-AA32-13C1B46DC1CB}.Release|Any CPU.Build.0 = Release|Any CPU
	EndGlobalSection
	GlobalSection(SolutionProperties) = preSolution
		HideSolutionNode = FALSE
	EndGlobalSection
	GlobalSection(ExtensibilityGlobals) = postSolution
		SolutionGuid = {3A4C0302-0985-4995-981A-44BE9F339729}
	EndGlobalSection
EndGlobal
