
Microsoft Visual Studio Solution File, Format Version 12.00
# Visual Studio Version 16
VisualStudioVersion = 16.0.34902.97
MinimumVisualStudioVersion = 10.0.40219.1
Project("{FAE04EC0-301F-11D3-BF4B-00C04F79EFBC}") = "ChainOfResponsibility", "ChainOfResponsibility.csproj", "{646D332A-510C-4DDD-86ED-FDBF65AAB71C}"
EndProject
Global
	GlobalSection(SolutionConfigurationPlatforms) = preSolution
		Debug|Any CPU = Debug|Any CPU
		Release|Any CPU = Release|Any CPU
	EndGlobalSection
	GlobalSection(ProjectConfigurationPlatforms) = postSolution
		{646D332A-510C-4DDD-86ED-FDBF65AAB71C}.Debug|Any CPU.ActiveCfg = Debug|Any CPU
		{646D332A-510C-4DDD-86ED-FDBF65AAB71C}.Debug|Any CPU.Build.0 = Debug|Any CPU
		{646D332A-510C-4DDD-86ED-FDBF65AAB71C}.Release|Any CPU.ActiveCfg = Release|Any CPU
		{646D332A-510C-4DDD-86ED-FDBF65AAB71C}.Release|Any CPU.Build.0 = Release|Any CPU
	EndGlobalSection
	GlobalSection(SolutionProperties) = preSolution
		HideSolutionNode = FALSE
	EndGlobalSection
	GlobalSection(ExtensibilityGlobals) = postSolution
		SolutionGuid = {F25CEA1C-BDEC-4774-8990-0AC3FB836778}
	EndGlobalSection
EndGlobal
