
Microsoft Visual Studio Solution File, Format Version 12.00
# Visual Studio Version 16
VisualStudioVersion = 16.0.34601.136
MinimumVisualStudioVersion = 10.0.40219.1
Project("{FAE04EC0-301F-11D3-BF4B-00C04F79EFBC}") = "Prototype", "Prototype.csproj", "{EF702743-64DD-49FD-B226-147D8D1226B9}"
EndProject
Global
	GlobalSection(SolutionConfigurationPlatforms) = preSolution
		Debug|Any CPU = Debug|Any CPU
		Release|Any CPU = Release|Any CPU
	EndGlobalSection
	GlobalSection(ProjectConfigurationPlatforms) = postSolution
		{EF702743-64DD-49FD-B226-147D8D1226B9}.Debug|Any CPU.ActiveCfg = Debug|Any CPU
		{EF702743-64DD-49FD-B226-147D8D1226B9}.Debug|Any CPU.Build.0 = Debug|Any CPU
		{EF702743-64DD-49FD-B226-147D8D1226B9}.Release|Any CPU.ActiveCfg = Release|Any CPU
		{EF702743-64DD-49FD-B226-147D8D1226B9}.Release|Any CPU.Build.0 = Release|Any CPU
	EndGlobalSection
	GlobalSection(SolutionProperties) = preSolution
		HideSolutionNode = FALSE
	EndGlobalSection
	GlobalSection(ExtensibilityGlobals) = postSolution
		SolutionGuid = {A5E15A70-2F6A-4EE4-9FA6-957EA4D48E1C}
	EndGlobalSection
EndGlobal
