
Microsoft Visual Studio Solution File, Format Version 12.00
# Visual Studio Version 16
VisualStudioVersion = 16.0.34601.136
MinimumVisualStudioVersion = 10.0.40219.1
Project("{FAE04EC0-301F-11D3-BF4B-00C04F79EFBC}") = "01.WorkflowDesignerApp", "01.WorkflowDesignerApp\WorkflowDesignerApp\01.WorkflowDesignerApp.csproj", "{86558204-572A-4B09-8D2F-7DD428AEC9C8}"
EndProject
Project("{FAE04EC0-301F-11D3-BF4B-00C04F79EFBC}") = "02.MyEditorServiceApp", "02.MyEditorServiceApp\02.MyEditorServiceApp.csproj", "{430940F3-AA25-4BF7-9AEA-9920E99705E8}"
EndProject
Project("{FAE04EC0-301F-11D3-BF4B-00C04F79EFBC}") = "03.ExpressionTextBox", "03.ExpressionTextBox\03.ExpressionTextBox.csproj", "{392B36FC-DE7F-4E5A-B691-87578416AD54}"
EndProject
Global
	GlobalSection(SolutionConfigurationPlatforms) = preSolution
		Debug|Any CPU = Debug|Any CPU
		Debug|x86 = Debug|x86
		Release|Any CPU = Release|Any CPU
		Release|x86 = Release|x86
	EndGlobalSection
	GlobalSection(ProjectConfigurationPlatforms) = postSolution
		{86558204-572A-4B09-8D2F-7DD428AEC9C8}.Debug|Any CPU.ActiveCfg = Debug|Any CPU
		{86558204-572A-4B09-8D2F-7DD428AEC9C8}.Debug|Any CPU.Build.0 = Debug|Any CPU
		{86558204-572A-4B09-8D2F-7DD428AEC9C8}.Debug|x86.ActiveCfg = Debug|Any CPU
		{86558204-572A-4B09-8D2F-7DD428AEC9C8}.Debug|x86.Build.0 = Debug|Any CPU
		{86558204-572A-4B09-8D2F-7DD428AEC9C8}.Release|Any CPU.ActiveCfg = Release|Any CPU
		{86558204-572A-4B09-8D2F-7DD428AEC9C8}.Release|Any CPU.Build.0 = Release|Any CPU
		{86558204-572A-4B09-8D2F-7DD428AEC9C8}.Release|x86.ActiveCfg = Release|Any CPU
		{86558204-572A-4B09-8D2F-7DD428AEC9C8}.Release|x86.Build.0 = Release|Any CPU
		{430940F3-AA25-4BF7-9AEA-9920E99705E8}.Debug|Any CPU.ActiveCfg = Debug|Any CPU
		{430940F3-AA25-4BF7-9AEA-9920E99705E8}.Debug|Any CPU.Build.0 = Debug|Any CPU
		{430940F3-AA25-4BF7-9AEA-9920E99705E8}.Debug|x86.ActiveCfg = Debug|Any CPU
		{430940F3-AA25-4BF7-9AEA-9920E99705E8}.Debug|x86.Build.0 = Debug|Any CPU
		{430940F3-AA25-4BF7-9AEA-9920E99705E8}.Release|Any CPU.ActiveCfg = Release|Any CPU
		{430940F3-AA25-4BF7-9AEA-9920E99705E8}.Release|Any CPU.Build.0 = Release|Any CPU
		{430940F3-AA25-4BF7-9AEA-9920E99705E8}.Release|x86.ActiveCfg = Release|Any CPU
		{430940F3-AA25-4BF7-9AEA-9920E99705E8}.Release|x86.Build.0 = Release|Any CPU
		{392B36FC-DE7F-4E5A-B691-87578416AD54}.Debug|Any CPU.ActiveCfg = Debug|Any CPU
		{392B36FC-DE7F-4E5A-B691-87578416AD54}.Debug|Any CPU.Build.0 = Debug|Any CPU
		{392B36FC-DE7F-4E5A-B691-87578416AD54}.Debug|x86.ActiveCfg = Debug|Any CPU
		{392B36FC-DE7F-4E5A-B691-87578416AD54}.Debug|x86.Build.0 = Debug|Any CPU
		{392B36FC-DE7F-4E5A-B691-87578416AD54}.Release|Any CPU.ActiveCfg = Release|Any CPU
		{392B36FC-DE7F-4E5A-B691-87578416AD54}.Release|Any CPU.Build.0 = Release|Any CPU
		{392B36FC-DE7F-4E5A-B691-87578416AD54}.Release|x86.ActiveCfg = Release|Any CPU
		{392B36FC-DE7F-4E5A-B691-87578416AD54}.Release|x86.Build.0 = Release|Any CPU
	EndGlobalSection
	GlobalSection(SolutionProperties) = preSolution
		HideSolutionNode = FALSE
	EndGlobalSection
	GlobalSection(ExtensibilityGlobals) = postSolution
		SolutionGuid = {9069929D-68BD-4BE5-B6F3-C8E658496BB2}
	EndGlobalSection
EndGlobal
