
Microsoft Visual Studio Solution File, Format Version 12.00
# Visual Studio Version 16
VisualStudioVersion = 16.0.32802.440
MinimumVisualStudioVersion = 10.0.40219.1
Project("{FAE04EC0-301F-11D3-BF4B-00C04F79EFBC}") = "Server", "Server\Server.csproj", "{51765670-9ADA-4701-BE93-BAA75D0C3CEA}"
EndProject
Project("{FAE04EC0-301F-11D3-BF4B-00C04F79EFBC}") = "Client", "Client\Client.csproj", "{72D658BC-20AA-4630-8C86-3F28B6BE2B3E}"
EndProject
Global
	GlobalSection(SolutionConfigurationPlatforms) = preSolution
		Debug|Any CPU = Debug|Any CPU
		Release|Any CPU = Release|Any CPU
	EndGlobalSection
	GlobalSection(ProjectConfigurationPlatforms) = postSolution
		{51765670-9ADA-4701-BE93-BAA75D0C3CEA}.Debug|Any CPU.ActiveCfg = Debug|Any CPU
		{51765670-9ADA-4701-BE93-BAA75D0C3CEA}.Debug|Any CPU.Build.0 = Debug|Any CPU
		{51765670-9ADA-4701-BE93-BAA75D0C3CEA}.Release|Any CPU.ActiveCfg = Release|Any CPU
		{51765670-9ADA-4701-BE93-BAA75D0C3CEA}.Release|Any CPU.Build.0 = Release|Any CPU
		{72D658BC-20AA-4630-8C86-3F28B6BE2B3E}.Debug|Any CPU.ActiveCfg = Debug|Any CPU
		{72D658BC-20AA-4630-8C86-3F28B6BE2B3E}.Debug|Any CPU.Build.0 = Debug|Any CPU
		{72D658BC-20AA-4630-8C86-3F28B6BE2B3E}.Release|Any CPU.ActiveCfg = Release|Any CPU
		{72D658BC-20AA-4630-8C86-3F28B6BE2B3E}.Release|Any CPU.Build.0 = Release|Any CPU
	EndGlobalSection
	GlobalSection(SolutionProperties) = preSolution
		HideSolutionNode = FALSE
	EndGlobalSection
	GlobalSection(ExtensibilityGlobals) = postSolution
		SolutionGuid = {B81C4980-E4F0-4141-B598-CF8ABD3A6BF4}
	EndGlobalSection
EndGlobal
